
Microsoft Visual Studio Solution File, Format Version 12.00
# Visual Studio 2013
VisualStudioVersion = 12.0.20617.1 PREVIEW
MinimumVisualStudioVersion = 10.0.40219.1
Project("{FAE04EC0-301F-11D3-BF4B-00C04F79EFBC}") = "Pelikan_strona", "Pelikan_strona\Pelikan_strona.csproj", "{3904DF56-8882-4BA8-9E6F-5C05FD6E7514}"
EndProject
Project("{FAE04EC0-301F-11D3-BF4B-00C04F79EFBC}") = "Pelikan_strona.Tests", "Pelikan_strona.Tests\Pelikan_strona.Tests.csproj", "{74B9369E-7C99-4F4B-8856-BE6AB7C3E669}"
EndProject
Global
	GlobalSection(SolutionConfigurationPlatforms) = preSolution
		Debug|Any CPU = Debug|Any CPU
		Release|Any CPU = Release|Any CPU
	EndGlobalSection
	GlobalSection(ProjectConfigurationPlatforms) = postSolution
		{3904DF56-8882-4BA8-9E6F-5C05FD6E7514}.Debug|Any CPU.ActiveCfg = Debug|Any CPU
		{3904DF56-8882-4BA8-9E6F-5C05FD6E7514}.Debug|Any CPU.Build.0 = Debug|Any CPU
		{3904DF56-8882-4BA8-9E6F-5C05FD6E7514}.Release|Any CPU.ActiveCfg = Release|Any CPU
		{3904DF56-8882-4BA8-9E6F-5C05FD6E7514}.Release|Any CPU.Build.0 = Release|Any CPU
		{74B9369E-7C99-4F4B-8856-BE6AB7C3E669}.Debug|Any CPU.ActiveCfg = Debug|Any CPU
		{74B9369E-7C99-4F4B-8856-BE6AB7C3E669}.Debug|Any CPU.Build.0 = Debug|Any CPU
		{74B9369E-7C99-4F4B-8856-BE6AB7C3E669}.Release|Any CPU.ActiveCfg = Release|Any CPU
		{74B9369E-7C99-4F4B-8856-BE6AB7C3E669}.Release|Any CPU.Build.0 = Release|Any CPU
	EndGlobalSection
	GlobalSection(SolutionProperties) = preSolution
		HideSolutionNode = FALSE
	EndGlobalSection
EndGlobal
